// !$*UTF8*$!
{
	archiveVersion = 1;
	classes = {
	};
	objectVersion = 50;
	objects = {

/* Begin PBXBuildFile section */
		11AE5EA6262882280057729B /* AppDelegate.swift in Sources */ = {isa = PBXBuildFile; fileRef = 11AE5EA5262882280057729B /* AppDelegate.swift */; };
		11AE5EAF2628822D0057729B /* Assets.xcassets in Resources */ = {isa = PBXBuildFile; fileRef = 11AE5EAE2628822D0057729B /* Assets.xcassets */; };
		11AE5EB22628822D0057729B /* LaunchScreen.storyboard in Resources */ = {isa = PBXBuildFile; fileRef = 11AE5EB02628822D0057729B /* LaunchScreen.storyboard */; };
		11AE5EBD2628822D0057729B /* UalaTestTests.swift in Sources */ = {isa = PBXBuildFile; fileRef = 11AE5EBC2628822D0057729B /* UalaTestTests.swift */; };
		11AE5EC82628822E0057729B /* UalaTestUITests.swift in Sources */ = {isa = PBXBuildFile; fileRef = 11AE5EC72628822E0057729B /* UalaTestUITests.swift */; };
		36ADB4E328E8C8FB00E01C97 /* MainInteractor.swift in Sources */ = {isa = PBXBuildFile; fileRef = 36ADB4E228E8C8FB00E01C97 /* MainInteractor.swift */; };
		36ADB4E528E8C92700E01C97 /* MainRouter.swift in Sources */ = {isa = PBXBuildFile; fileRef = 36ADB4E428E8C92700E01C97 /* MainRouter.swift */; };
		36ADB4E728E8C99F00E01C97 /* MainDataManager.swift in Sources */ = {isa = PBXBuildFile; fileRef = 36ADB4E628E8C99F00E01C97 /* MainDataManager.swift */; };
		36ADB4EA28E8D36100E01C97 /* RecipesCell.swift in Sources */ = {isa = PBXBuildFile; fileRef = 36ADB4E928E8D36100E01C97 /* RecipesCell.swift */; };
		36ADB4EC28E8D3F300E01C97 /* RecipesCell.xib in Resources */ = {isa = PBXBuildFile; fileRef = 36ADB4EB28E8D3F300E01C97 /* RecipesCell.xib */; };
		36ADB4F828E8DD1700E01C97 /* DetailProtocols.swift in Sources */ = {isa = PBXBuildFile; fileRef = 36ADB4F728E8DD1700E01C97 /* DetailProtocols.swift */; };
		36ADB4FB28E8DE5600E01C97 /* DetailBuilder.swift in Sources */ = {isa = PBXBuildFile; fileRef = 36ADB4FA28E8DE5600E01C97 /* DetailBuilder.swift */; };
		36ADB4FD28E8DE8D00E01C97 /* DetailView.swift in Sources */ = {isa = PBXBuildFile; fileRef = 36ADB4FC28E8DE8D00E01C97 /* DetailView.swift */; };
		36EE890528E8C126005E98FF /* Networking.swift in Sources */ = {isa = PBXBuildFile; fileRef = 36EE890428E8C126005E98FF /* Networking.swift */; };
		36EE890F28E8C213005E98FF /* MainProtocols.swift in Sources */ = {isa = PBXBuildFile; fileRef = 36EE890E28E8C213005E98FF /* MainProtocols.swift */; };
		36EE891128E8C247005E98FF /* MainEntity.swift in Sources */ = {isa = PBXBuildFile; fileRef = 36EE891028E8C247005E98FF /* MainEntity.swift */; };
		36EE891428E8C482005E98FF /* MainBuilder.swift in Sources */ = {isa = PBXBuildFile; fileRef = 36EE891328E8C482005E98FF /* MainBuilder.swift */; };
		36EE891628E8C4E3005E98FF /* MainViewController.swift in Sources */ = {isa = PBXBuildFile; fileRef = 36EE891528E8C4E3005E98FF /* MainViewController.swift */; };
		36EE891828E8C640005E98FF /* MainPresenter.swift in Sources */ = {isa = PBXBuildFile; fileRef = 36EE891728E8C640005E98FF /* MainPresenter.swift */; };
/* End PBXBuildFile section */

/* Begin PBXContainerItemProxy section */
		11AE5EB92628822D0057729B /* PBXContainerItemProxy */ = {
			isa = PBXContainerItemProxy;
			containerPortal = 11AE5E9A262882280057729B /* Project object */;
			proxyType = 1;
			remoteGlobalIDString = 11AE5EA1262882280057729B;
			remoteInfo = UalaTest;
		};
		11AE5EC42628822E0057729B /* PBXContainerItemProxy */ = {
			isa = PBXContainerItemProxy;
			containerPortal = 11AE5E9A262882280057729B /* Project object */;
			proxyType = 1;
			remoteGlobalIDString = 11AE5EA1262882280057729B;
			remoteInfo = UalaTest;
		};
/* End PBXContainerItemProxy section */

/* Begin PBXFileReference section */
		11AE5EA2262882280057729B /* UalaTest.app */ = {isa = PBXFileReference; explicitFileType = wrapper.application; includeInIndex = 0; path = UalaTest.app; sourceTree = BUILT_PRODUCTS_DIR; };
		11AE5EA5262882280057729B /* AppDelegate.swift */ = {isa = PBXFileReference; lastKnownFileType = sourcecode.swift; path = AppDelegate.swift; sourceTree = "<group>"; };
		11AE5EAE2628822D0057729B /* Assets.xcassets */ = {isa = PBXFileReference; lastKnownFileType = folder.assetcatalog; path = Assets.xcassets; sourceTree = "<group>"; };
		11AE5EB12628822D0057729B /* Base */ = {isa = PBXFileReference; lastKnownFileType = file.storyboard; name = Base; path = Base.lproj/LaunchScreen.storyboard; sourceTree = "<group>"; };
		11AE5EB32628822D0057729B /* Info.plist */ = {isa = PBXFileReference; lastKnownFileType = text.plist.xml; path = Info.plist; sourceTree = "<group>"; };
		11AE5EB82628822D0057729B /* UalaTestTests.xctest */ = {isa = PBXFileReference; explicitFileType = wrapper.cfbundle; includeInIndex = 0; path = UalaTestTests.xctest; sourceTree = BUILT_PRODUCTS_DIR; };
		11AE5EBC2628822D0057729B /* UalaTestTests.swift */ = {isa = PBXFileReference; lastKnownFileType = sourcecode.swift; path = UalaTestTests.swift; sourceTree = "<group>"; };
		11AE5EBE2628822D0057729B /* Info.plist */ = {isa = PBXFileReference; lastKnownFileType = text.plist.xml; path = Info.plist; sourceTree = "<group>"; };
		11AE5EC32628822E0057729B /* UalaTestUITests.xctest */ = {isa = PBXFileReference; explicitFileType = wrapper.cfbundle; includeInIndex = 0; path = UalaTestUITests.xctest; sourceTree = BUILT_PRODUCTS_DIR; };
		11AE5EC72628822E0057729B /* UalaTestUITests.swift */ = {isa = PBXFileReference; lastKnownFileType = sourcecode.swift; path = UalaTestUITests.swift; sourceTree = "<group>"; };
		11AE5EC92628822E0057729B /* Info.plist */ = {isa = PBXFileReference; lastKnownFileType = text.plist.xml; path = Info.plist; sourceTree = "<group>"; };
		36ADB4E228E8C8FB00E01C97 /* MainInteractor.swift */ = {isa = PBXFileReference; lastKnownFileType = sourcecode.swift; path = MainInteractor.swift; sourceTree = "<group>"; };
		36ADB4E428E8C92700E01C97 /* MainRouter.swift */ = {isa = PBXFileReference; lastKnownFileType = sourcecode.swift; path = MainRouter.swift; sourceTree = "<group>"; };
		36ADB4E628E8C99F00E01C97 /* MainDataManager.swift */ = {isa = PBXFileReference; lastKnownFileType = sourcecode.swift; path = MainDataManager.swift; sourceTree = "<group>"; };
		36ADB4E928E8D36100E01C97 /* RecipesCell.swift */ = {isa = PBXFileReference; lastKnownFileType = sourcecode.swift; path = RecipesCell.swift; sourceTree = "<group>"; };
		36ADB4EB28E8D3F300E01C97 /* RecipesCell.xib */ = {isa = PBXFileReference; lastKnownFileType = file.xib; path = RecipesCell.xib; sourceTree = "<group>"; };
		36ADB4F728E8DD1700E01C97 /* DetailProtocols.swift */ = {isa = PBXFileReference; lastKnownFileType = sourcecode.swift; path = DetailProtocols.swift; sourceTree = "<group>"; };
		36ADB4FA28E8DE5600E01C97 /* DetailBuilder.swift */ = {isa = PBXFileReference; lastKnownFileType = sourcecode.swift; path = DetailBuilder.swift; sourceTree = "<group>"; };
		36ADB4FC28E8DE8D00E01C97 /* DetailView.swift */ = {isa = PBXFileReference; lastKnownFileType = sourcecode.swift; path = DetailView.swift; sourceTree = "<group>"; };
		36EE890428E8C126005E98FF /* Networking.swift */ = {isa = PBXFileReference; lastKnownFileType = sourcecode.swift; path = Networking.swift; sourceTree = "<group>"; };
		36EE890E28E8C213005E98FF /* MainProtocols.swift */ = {isa = PBXFileReference; lastKnownFileType = sourcecode.swift; path = MainProtocols.swift; sourceTree = "<group>"; };
		36EE891028E8C247005E98FF /* MainEntity.swift */ = {isa = PBXFileReference; lastKnownFileType = sourcecode.swift; path = MainEntity.swift; sourceTree = "<group>"; };
		36EE891328E8C482005E98FF /* MainBuilder.swift */ = {isa = PBXFileReference; lastKnownFileType = sourcecode.swift; path = MainBuilder.swift; sourceTree = "<group>"; };
		36EE891528E8C4E3005E98FF /* MainViewController.swift */ = {isa = PBXFileReference; lastKnownFileType = sourcecode.swift; path = MainViewController.swift; sourceTree = "<group>"; };
		36EE891728E8C640005E98FF /* MainPresenter.swift */ = {isa = PBXFileReference; lastKnownFileType = sourcecode.swift; path = MainPresenter.swift; sourceTree = "<group>"; };
/* End PBXFileReference section */

/* Begin PBXFrameworksBuildPhase section */
		11AE5E9F262882280057729B /* Frameworks */ = {
			isa = PBXFrameworksBuildPhase;
			buildActionMask = 2147483647;
			files = (
			);
			runOnlyForDeploymentPostprocessing = 0;
		};
		11AE5EB52628822D0057729B /* Frameworks */ = {
			isa = PBXFrameworksBuildPhase;
			buildActionMask = 2147483647;
			files = (
			);
			runOnlyForDeploymentPostprocessing = 0;
		};
		11AE5EC02628822D0057729B /* Frameworks */ = {
			isa = PBXFrameworksBuildPhase;
			buildActionMask = 2147483647;
			files = (
			);
			runOnlyForDeploymentPostprocessing = 0;
		};
/* End PBXFrameworksBuildPhase section */

/* Begin PBXGroup section */
		11AE5E99262882280057729B = {
			isa = PBXGroup;
			children = (
				11AE5EA4262882280057729B /* UalaTest */,
				11AE5EBB2628822D0057729B /* UalaTestTests */,
				11AE5EC62628822E0057729B /* UalaTestUITests */,
				11AE5EA3262882280057729B /* Products */,
			);
			sourceTree = "<group>";
		};
		11AE5EA3262882280057729B /* Products */ = {
			isa = PBXGroup;
			children = (
				11AE5EA2262882280057729B /* UalaTest.app */,
				11AE5EB82628822D0057729B /* UalaTestTests.xctest */,
				11AE5EC32628822E0057729B /* UalaTestUITests.xctest */,
			);
			name = Products;
			sourceTree = "<group>";
		};
		11AE5EA4262882280057729B /* UalaTest */ = {
			isa = PBXGroup;
			children = (
				36EE890228E8C0D5005E98FF /* Modules */,
				36EE890128E8C0CF005E98FF /* Code */,
			);
			path = UalaTest;
			sourceTree = "<group>";
		};
		11AE5EBB2628822D0057729B /* UalaTestTests */ = {
			isa = PBXGroup;
			children = (
				11AE5EBC2628822D0057729B /* UalaTestTests.swift */,
				11AE5EBE2628822D0057729B /* Info.plist */,
			);
			path = UalaTestTests;
			sourceTree = "<group>";
		};
		11AE5EC62628822E0057729B /* UalaTestUITests */ = {
			isa = PBXGroup;
			children = (
				11AE5EC72628822E0057729B /* UalaTestUITests.swift */,
				11AE5EC92628822E0057729B /* Info.plist */,
			);
			path = UalaTestUITests;
			sourceTree = "<group>";
		};
		36ADB4E828E8D34D00E01C97 /* Cells */ = {
			isa = PBXGroup;
			children = (
				36ADB4E928E8D36100E01C97 /* RecipesCell.swift */,
				36ADB4EB28E8D3F300E01C97 /* RecipesCell.xib */,
			);
			path = Cells;
			sourceTree = "<group>";
		};
		36ADB4ED28E8DC8100E01C97 /* DetailModule */ = {
			isa = PBXGroup;
			children = (
				36ADB4F928E8DE4D00E01C97 /* Builder */,
				36ADB4F428E8DCB200E01C97 /* Protocols */,
				36ADB4F328E8DCAD00E01C97 /* View */,
				36ADB4F228E8DCA800E01C97 /* Interactor */,
				36ADB4F128E8DCA300E01C97 /* Presenter */,
				36ADB4F028E8DC9D00E01C97 /* Entity */,
				36ADB4EF28E8DC9200E01C97 /* Router */,
				36ADB4EE28E8DC8A00E01C97 /* DataManager */,
			);
			path = DetailModule;
			sourceTree = "<group>";
		};
		36ADB4EE28E8DC8A00E01C97 /* DataManager */ = {
			isa = PBXGroup;
			children = (
			);
			path = DataManager;
			sourceTree = "<group>";
		};
		36ADB4EF28E8DC9200E01C97 /* Router */ = {
			isa = PBXGroup;
			children = (
			);
			path = Router;
			sourceTree = "<group>";
		};
		36ADB4F028E8DC9D00E01C97 /* Entity */ = {
			isa = PBXGroup;
			children = (
			);
			path = Entity;
			sourceTree = "<group>";
		};
		36ADB4F128E8DCA300E01C97 /* Presenter */ = {
			isa = PBXGroup;
			children = (
			);
			path = Presenter;
			sourceTree = "<group>";
		};
		36ADB4F228E8DCA800E01C97 /* Interactor */ = {
			isa = PBXGroup;
			children = (
			);
			path = Interactor;
			sourceTree = "<group>";
		};
		36ADB4F328E8DCAD00E01C97 /* View */ = {
			isa = PBXGroup;
			children = (
				36ADB4FC28E8DE8D00E01C97 /* DetailView.swift */,
			);
			path = View;
			sourceTree = "<group>";
		};
		36ADB4F428E8DCB200E01C97 /* Protocols */ = {
			isa = PBXGroup;
			children = (
				36ADB4F728E8DD1700E01C97 /* DetailProtocols.swift */,
			);
			path = Protocols;
			sourceTree = "<group>";
		};
		36ADB4F928E8DE4D00E01C97 /* Builder */ = {
			isa = PBXGroup;
			children = (
				36ADB4FA28E8DE5600E01C97 /* DetailBuilder.swift */,
			);
			path = Builder;
			sourceTree = "<group>";
		};
		36EE890128E8C0CF005E98FF /* Code */ = {
			isa = PBXGroup;
			children = (
				11AE5EB32628822D0057729B /* Info.plist */,
				11AE5EA5262882280057729B /* AppDelegate.swift */,
				11AE5EAE2628822D0057729B /* Assets.xcassets */,
				11AE5EB02628822D0057729B /* LaunchScreen.storyboard */,
			);
			path = Code;
			sourceTree = "<group>";
		};
		36EE890228E8C0D5005E98FF /* Modules */ = {
			isa = PBXGroup;
			children = (
				36ADB4ED28E8DC8100E01C97 /* DetailModule */,
				36EE890628E8C1BB005E98FF /* MainModule */,
				36EE890328E8C119005E98FF /* Networking */,
			);
			path = Modules;
			sourceTree = "<group>";
		};
		36EE890328E8C119005E98FF /* Networking */ = {
			isa = PBXGroup;
			children = (
				36EE890428E8C126005E98FF /* Networking.swift */,
			);
			path = Networking;
			sourceTree = "<group>";
		};
		36EE890628E8C1BB005E98FF /* MainModule */ = {
			isa = PBXGroup;
			children = (
				36EE891228E8C479005E98FF /* Builder */,
				36EE890728E8C1D5005E98FF /* Protocols */,
				36EE890828E8C1DD005E98FF /* View */,
				36EE890928E8C1E1005E98FF /* Interactor */,
				36EE890A28E8C1E7005E98FF /* Presenter */,
				36EE890B28E8C1EC005E98FF /* Entity */,
				36EE890C28E8C1F1005E98FF /* Router */,
				36EE890D28E8C1F7005E98FF /* DataManager */,
			);
			path = MainModule;
			sourceTree = "<group>";
		};
		36EE890728E8C1D5005E98FF /* Protocols */ = {
			isa = PBXGroup;
			children = (
				36EE890E28E8C213005E98FF /* MainProtocols.swift */,
			);
			path = Protocols;
			sourceTree = "<group>";
		};
		36EE890828E8C1DD005E98FF /* View */ = {
			isa = PBXGroup;
			children = (
				36ADB4E828E8D34D00E01C97 /* Cells */,
				36EE891528E8C4E3005E98FF /* MainViewController.swift */,
			);
			path = View;
			sourceTree = "<group>";
		};
		36EE890928E8C1E1005E98FF /* Interactor */ = {
			isa = PBXGroup;
			children = (
				36ADB4E228E8C8FB00E01C97 /* MainInteractor.swift */,
			);
			path = Interactor;
			sourceTree = "<group>";
		};
		36EE890A28E8C1E7005E98FF /* Presenter */ = {
			isa = PBXGroup;
			children = (
				36EE891728E8C640005E98FF /* MainPresenter.swift */,
			);
			path = Presenter;
			sourceTree = "<group>";
		};
		36EE890B28E8C1EC005E98FF /* Entity */ = {
			isa = PBXGroup;
			children = (
				36EE891028E8C247005E98FF /* MainEntity.swift */,
			);
			path = Entity;
			sourceTree = "<group>";
		};
		36EE890C28E8C1F1005E98FF /* Router */ = {
			isa = PBXGroup;
			children = (
				36ADB4E428E8C92700E01C97 /* MainRouter.swift */,
			);
			path = Router;
			sourceTree = "<group>";
		};
		36EE890D28E8C1F7005E98FF /* DataManager */ = {
			isa = PBXGroup;
			children = (
				36ADB4E628E8C99F00E01C97 /* MainDataManager.swift */,
			);
			path = DataManager;
			sourceTree = "<group>";
		};
		36EE891228E8C479005E98FF /* Builder */ = {
			isa = PBXGroup;
			children = (
				36EE891328E8C482005E98FF /* MainBuilder.swift */,
			);
			path = Builder;
			sourceTree = "<group>";
		};
/* End PBXGroup section */

/* Begin PBXNativeTarget section */
		11AE5EA1262882280057729B /* UalaTest */ = {
			isa = PBXNativeTarget;
			buildConfigurationList = 11AE5ECC2628822E0057729B /* Build configuration list for PBXNativeTarget "UalaTest" */;
			buildPhases = (
				11AE5E9E262882280057729B /* Sources */,
				11AE5E9F262882280057729B /* Frameworks */,
				11AE5EA0262882280057729B /* Resources */,
			);
			buildRules = (
			);
			dependencies = (
			);
			name = UalaTest;
			productName = UalaTest;
			productReference = 11AE5EA2262882280057729B /* UalaTest.app */;
			productType = "com.apple.product-type.application";
		};
		11AE5EB72628822D0057729B /* UalaTestTests */ = {
			isa = PBXNativeTarget;
			buildConfigurationList = 11AE5ECF2628822E0057729B /* Build configuration list for PBXNativeTarget "UalaTestTests" */;
			buildPhases = (
				11AE5EB42628822D0057729B /* Sources */,
				11AE5EB52628822D0057729B /* Frameworks */,
				11AE5EB62628822D0057729B /* Resources */,
			);
			buildRules = (
			);
			dependencies = (
				11AE5EBA2628822D0057729B /* PBXTargetDependency */,
			);
			name = UalaTestTests;
			productName = UalaTestTests;
			productReference = 11AE5EB82628822D0057729B /* UalaTestTests.xctest */;
			productType = "com.apple.product-type.bundle.unit-test";
		};
		11AE5EC22628822D0057729B /* UalaTestUITests */ = {
			isa = PBXNativeTarget;
			buildConfigurationList = 11AE5ED22628822E0057729B /* Build configuration list for PBXNativeTarget "UalaTestUITests" */;
			buildPhases = (
				11AE5EBF2628822D0057729B /* Sources */,
				11AE5EC02628822D0057729B /* Frameworks */,
				11AE5EC12628822D0057729B /* Resources */,
			);
			buildRules = (
			);
			dependencies = (
				11AE5EC52628822E0057729B /* PBXTargetDependency */,
			);
			name = UalaTestUITests;
			productName = UalaTestUITests;
			productReference = 11AE5EC32628822E0057729B /* UalaTestUITests.xctest */;
			productType = "com.apple.product-type.bundle.ui-testing";
		};
/* End PBXNativeTarget section */

/* Begin PBXProject section */
		11AE5E9A262882280057729B /* Project object */ = {
			isa = PBXProject;
			attributes = {
				LastSwiftUpdateCheck = 1220;
				LastUpgradeCheck = 1220;
				TargetAttributes = {
					11AE5EA1262882280057729B = {
						CreatedOnToolsVersion = 12.2;
					};
					11AE5EB72628822D0057729B = {
						CreatedOnToolsVersion = 12.2;
						TestTargetID = 11AE5EA1262882280057729B;
					};
					11AE5EC22628822D0057729B = {
						CreatedOnToolsVersion = 12.2;
						TestTargetID = 11AE5EA1262882280057729B;
					};
				};
			};
			buildConfigurationList = 11AE5E9D262882280057729B /* Build configuration list for PBXProject "UalaTest" */;
			compatibilityVersion = "Xcode 9.3";
			developmentRegion = en;
			hasScannedForEncodings = 0;
			knownRegions = (
				en,
				Base,
			);
			mainGroup = 11AE5E99262882280057729B;
			productRefGroup = 11AE5EA3262882280057729B /* Products */;
			projectDirPath = "";
			projectRoot = "";
			targets = (
				11AE5EA1262882280057729B /* UalaTest */,
				11AE5EB72628822D0057729B /* UalaTestTests */,
				11AE5EC22628822D0057729B /* UalaTestUITests */,
			);
		};
/* End PBXProject section */

/* Begin PBXResourcesBuildPhase section */
		11AE5EA0262882280057729B /* Resources */ = {
			isa = PBXResourcesBuildPhase;
			buildActionMask = 2147483647;
			files = (
				36ADB4EC28E8D3F300E01C97 /* RecipesCell.xib in Resources */,
				11AE5EB22628822D0057729B /* LaunchScreen.storyboard in Resources */,
				11AE5EAF2628822D0057729B /* Assets.xcassets in Resources */,
			);
			runOnlyForDeploymentPostprocessing = 0;
		};
		11AE5EB62628822D0057729B /* Resources */ = {
			isa = PBXResourcesBuildPhase;
			buildActionMask = 2147483647;
			files = (
			);
			runOnlyForDeploymentPostprocessing = 0;
		};
		11AE5EC12628822D0057729B /* Resources */ = {
			isa = PBXResourcesBuildPhase;
			buildActionMask = 2147483647;
			files = (
			);
			runOnlyForDeploymentPostprocessing = 0;
		};
/* End PBXResourcesBuildPhase section */

/* Begin PBXSourcesBuildPhase section */
		11AE5E9E262882280057729B /* Sources */ = {
			isa = PBXSourcesBuildPhase;
			buildActionMask = 2147483647;
			files = (
				11AE5EA6262882280057729B /* AppDelegate.swift in Sources */,
				36ADB4E328E8C8FB00E01C97 /* MainInteractor.swift in Sources */,
				36EE891428E8C482005E98FF /* MainBuilder.swift in Sources */,
				36ADB4FD28E8DE8D00E01C97 /* DetailView.swift in Sources */,
				36EE891828E8C640005E98FF /* MainPresenter.swift in Sources */,
				36ADB4F828E8DD1700E01C97 /* DetailProtocols.swift in Sources */,
				36ADB4E728E8C99F00E01C97 /* MainDataManager.swift in Sources */,
				36EE890F28E8C213005E98FF /* MainProtocols.swift in Sources */,
				36EE890528E8C126005E98FF /* Networking.swift in Sources */,
				36EE891128E8C247005E98FF /* MainEntity.swift in Sources */,
				36ADB4E528E8C92700E01C97 /* MainRouter.swift in Sources */,
				36ADB4FB28E8DE5600E01C97 /* DetailBuilder.swift in Sources */,
				36ADB4EA28E8D36100E01C97 /* RecipesCell.swift in Sources */,
				36EE891628E8C4E3005E98FF /* MainViewController.swift in Sources */,
			);
			runOnlyForDeploymentPostprocessing = 0;
		};
		11AE5EB42628822D0057729B /* Sources */ = {
			isa = PBXSourcesBuildPhase;
			buildActionMask = 2147483647;
			files = (
				11AE5EBD2628822D0057729B /* UalaTestTests.swift in Sources */,
			);
			runOnlyForDeploymentPostprocessing = 0;
		};
		11AE5EBF2628822D0057729B /* Sources */ = {
			isa = PBXSourcesBuildPhase;
			buildActionMask = 2147483647;
			files = (
				11AE5EC82628822E0057729B /* UalaTestUITests.swift in Sources */,
			);
			runOnlyForDeploymentPostprocessing = 0;
		};
/* End PBXSourcesBuildPhase section */

/* Begin PBXTargetDependency section */
		11AE5EBA2628822D0057729B /* PBXTargetDependency */ = {
			isa = PBXTargetDependency;
			target = 11AE5EA1262882280057729B /* UalaTest */;
			targetProxy = 11AE5EB92628822D0057729B /* PBXContainerItemProxy */;
		};
		11AE5EC52628822E0057729B /* PBXTargetDependency */ = {
			isa = PBXTargetDependency;
			target = 11AE5EA1262882280057729B /* UalaTest */;
			targetProxy = 11AE5EC42628822E0057729B /* PBXContainerItemProxy */;
		};
/* End PBXTargetDependency section */

/* Begin PBXVariantGroup section */
		11AE5EB02628822D0057729B /* LaunchScreen.storyboard */ = {
			isa = PBXVariantGroup;
			children = (
				11AE5EB12628822D0057729B /* Base */,
			);
			name = LaunchScreen.storyboard;
			sourceTree = "<group>";
		};
/* End PBXVariantGroup section */

/* Begin XCBuildConfiguration section */
		11AE5ECA2628822E0057729B /* Debug */ = {
			isa = XCBuildConfiguration;
			buildSettings = {
				ALWAYS_SEARCH_USER_PATHS = NO;
				CLANG_ANALYZER_NONNULL = YES;
				CLANG_ANALYZER_NUMBER_OBJECT_CONVERSION = YES_AGGRESSIVE;
				CLANG_CXX_LANGUAGE_STANDARD = "gnu++14";
				CLANG_CXX_LIBRARY = "libc++";
				CLANG_ENABLE_MODULES = YES;
				CLANG_ENABLE_OBJC_ARC = YES;
				CLANG_ENABLE_OBJC_WEAK = YES;
				CLANG_WARN_BLOCK_CAPTURE_AUTORELEASING = YES;
				CLANG_WARN_BOOL_CONVERSION = YES;
				CLANG_WARN_COMMA = YES;
				CLANG_WARN_CONSTANT_CONVERSION = YES;
				CLANG_WARN_DEPRECATED_OBJC_IMPLEMENTATIONS = YES;
				CLANG_WARN_DIRECT_OBJC_ISA_USAGE = YES_ERROR;
				CLANG_WARN_DOCUMENTATION_COMMENTS = YES;
				CLANG_WARN_EMPTY_BODY = YES;
				CLANG_WARN_ENUM_CONVERSION = YES;
				CLANG_WARN_INFINITE_RECURSION = YES;
				CLANG_WARN_INT_CONVERSION = YES;
				CLANG_WARN_NON_LITERAL_NULL_CONVERSION = YES;
				CLANG_WARN_OBJC_IMPLICIT_RETAIN_SELF = YES;
				CLANG_WARN_OBJC_LITERAL_CONVERSION = YES;
				CLANG_WARN_OBJC_ROOT_CLASS = YES_ERROR;
				CLANG_WARN_QUOTED_INCLUDE_IN_FRAMEWORK_HEADER = YES;
				CLANG_WARN_RANGE_LOOP_ANALYSIS = YES;
				CLANG_WARN_STRICT_PROTOTYPES = YES;
				CLANG_WARN_SUSPICIOUS_MOVE = YES;
				CLANG_WARN_UNGUARDED_AVAILABILITY = YES_AGGRESSIVE;
				CLANG_WARN_UNREACHABLE_CODE = YES;
				CLANG_WARN__DUPLICATE_METHOD_MATCH = YES;
				COPY_PHASE_STRIP = NO;
				DEBUG_INFORMATION_FORMAT = dwarf;
				ENABLE_STRICT_OBJC_MSGSEND = YES;
				ENABLE_TESTABILITY = YES;
				GCC_C_LANGUAGE_STANDARD = gnu11;
				GCC_DYNAMIC_NO_PIC = NO;
				GCC_NO_COMMON_BLOCKS = YES;
				GCC_OPTIMIZATION_LEVEL = 0;
				GCC_PREPROCESSOR_DEFINITIONS = (
					"DEBUG=1",
					"$(inherited)",
				);
				GCC_WARN_64_TO_32_BIT_CONVERSION = YES;
				GCC_WARN_ABOUT_RETURN_TYPE = YES_ERROR;
				GCC_WARN_UNDECLARED_SELECTOR = YES;
				GCC_WARN_UNINITIALIZED_AUTOS = YES_AGGRESSIVE;
				GCC_WARN_UNUSED_FUNCTION = YES;
				GCC_WARN_UNUSED_VARIABLE = YES;
				IPHONEOS_DEPLOYMENT_TARGET = 13.0;
				MTL_ENABLE_DEBUG_INFO = INCLUDE_SOURCE;
				MTL_FAST_MATH = YES;
				ONLY_ACTIVE_ARCH = YES;
				SDKROOT = iphoneos;
				SWIFT_ACTIVE_COMPILATION_CONDITIONS = DEBUG;
				SWIFT_OPTIMIZATION_LEVEL = "-Onone";
			};
			name = Debug;
		};
		11AE5ECB2628822E0057729B /* Release */ = {
			isa = XCBuildConfiguration;
			buildSettings = {
				ALWAYS_SEARCH_USER_PATHS = NO;
				CLANG_ANALYZER_NONNULL = YES;
				CLANG_ANALYZER_NUMBER_OBJECT_CONVERSION = YES_AGGRESSIVE;
				CLANG_CXX_LANGUAGE_STANDARD = "gnu++14";
				CLANG_CXX_LIBRARY = "libc++";
				CLANG_ENABLE_MODULES = YES;
				CLANG_ENABLE_OBJC_ARC = YES;
				CLANG_ENABLE_OBJC_WEAK = YES;
				CLANG_WARN_BLOCK_CAPTURE_AUTORELEASING = YES;
				CLANG_WARN_BOOL_CONVERSION = YES;
				CLANG_WARN_COMMA = YES;
				CLANG_WARN_CONSTANT_CONVERSION = YES;
				CLANG_WARN_DEPRECATED_OBJC_IMPLEMENTATIONS = YES;
				CLANG_WARN_DIRECT_OBJC_ISA_USAGE = YES_ERROR;
				CLANG_WARN_DOCUMENTATION_COMMENTS = YES;
				CLANG_WARN_EMPTY_BODY = YES;
				CLANG_WARN_ENUM_CONVERSION = YES;
				CLANG_WARN_INFINITE_RECURSION = YES;
				CLANG_WARN_INT_CONVERSION = YES;
				CLANG_WARN_NON_LITERAL_NULL_CONVERSION = YES;
				CLANG_WARN_OBJC_IMPLICIT_RETAIN_SELF = YES;
				CLANG_WARN_OBJC_LITERAL_CONVERSION = YES;
				CLANG_WARN_OBJC_ROOT_CLASS = YES_ERROR;
				CLANG_WARN_QUOTED_INCLUDE_IN_FRAMEWORK_HEADER = YES;
				CLANG_WARN_RANGE_LOOP_ANALYSIS = YES;
				CLANG_WARN_STRICT_PROTOTYPES = YES;
				CLANG_WARN_SUSPICIOUS_MOVE = YES;
				CLANG_WARN_UNGUARDED_AVAILABILITY = YES_AGGRESSIVE;
				CLANG_WARN_UNREACHABLE_CODE = YES;
				CLANG_WARN__DUPLICATE_METHOD_MATCH = YES;
				COPY_PHASE_STRIP = NO;
				DEBUG_INFORMATION_FORMAT = "dwarf-with-dsym";
				ENABLE_NS_ASSERTIONS = NO;
				ENABLE_STRICT_OBJC_MSGSEND = YES;
				GCC_C_LANGUAGE_STANDARD = gnu11;
				GCC_NO_COMMON_BLOCKS = YES;
				GCC_WARN_64_TO_32_BIT_CONVERSION = YES;
				GCC_WARN_ABOUT_RETURN_TYPE = YES_ERROR;
				GCC_WARN_UNDECLARED_SELECTOR = YES;
				GCC_WARN_UNINITIALIZED_AUTOS = YES_AGGRESSIVE;
				GCC_WARN_UNUSED_FUNCTION = YES;
				GCC_WARN_UNUSED_VARIABLE = YES;
				IPHONEOS_DEPLOYMENT_TARGET = 13.0;
				MTL_ENABLE_DEBUG_INFO = NO;
				MTL_FAST_MATH = YES;
				SDKROOT = iphoneos;
				SWIFT_COMPILATION_MODE = wholemodule;
				SWIFT_OPTIMIZATION_LEVEL = "-O";
				VALIDATE_PRODUCT = YES;
			};
			name = Release;
		};
		11AE5ECD2628822E0057729B /* Debug */ = {
			isa = XCBuildConfiguration;
			buildSettings = {
				ASSETCATALOG_COMPILER_APPICON_NAME = AppIcon;
				ASSETCATALOG_COMPILER_GLOBAL_ACCENT_COLOR_NAME = AccentColor;
				CODE_SIGN_STYLE = Automatic;
				INFOPLIST_FILE = "$(SRCROOT)/UalaTest/Code/Info.plist";
				IPHONEOS_DEPLOYMENT_TARGET = 13.0;
				LD_RUNPATH_SEARCH_PATHS = (
					"$(inherited)",
					"@executable_path/Frameworks",
				);
				PRODUCT_BUNDLE_IDENTIFIER = com.uala.UalaTest;
				PRODUCT_NAME = "$(TARGET_NAME)";
				SWIFT_VERSION = 5.0;
				TARGETED_DEVICE_FAMILY = 1;
			};
			name = Debug;
		};
		11AE5ECE2628822E0057729B /* Release */ = {
			isa = XCBuildConfiguration;
			buildSettings = {
				ASSETCATALOG_COMPILER_APPICON_NAME = AppIcon;
				ASSETCATALOG_COMPILER_GLOBAL_ACCENT_COLOR_NAME = AccentColor;
				CODE_SIGN_STYLE = Automatic;
				INFOPLIST_FILE = "$(SRCROOT)/UalaTest/Code/Info.plist";
				IPHONEOS_DEPLOYMENT_TARGET = 13.0;
				LD_RUNPATH_SEARCH_PATHS = (
					"$(inherited)",
					"@executable_path/Frameworks",
				);
				PRODUCT_BUNDLE_IDENTIFIER = com.uala.UalaTest;
				PRODUCT_NAME = "$(TARGET_NAME)";
				SWIFT_VERSION = 5.0;
				TARGETED_DEVICE_FAMILY = 1;
			};
			name = Release;
		};
		11AE5ED02628822E0057729B /* Debug */ = {
			isa = XCBuildConfiguration;
			buildSettings = {
				ALWAYS_EMBED_SWIFT_STANDARD_LIBRARIES = YES;
				BUNDLE_LOADER = "$(TEST_HOST)";
				CODE_SIGN_STYLE = Automatic;
				INFOPLIST_FILE = UalaTestTests/Info.plist;
				IPHONEOS_DEPLOYMENT_TARGET = 14.2;
				LD_RUNPATH_SEARCH_PATHS = (
					"$(inherited)",
					"@executable_path/Frameworks",
					"@loader_path/Frameworks",
				);
				PRODUCT_BUNDLE_IDENTIFIER = com.uala.UalaTestTests;
				PRODUCT_NAME = "$(TARGET_NAME)";
				SWIFT_VERSION = 5.0;
				TARGETED_DEVICE_FAMILY = "1,2";
				TEST_HOST = "$(BUILT_PRODUCTS_DIR)/UalaTest.app/UalaTest";
			};
			name = Debug;
		};
		11AE5ED12628822E0057729B /* Release */ = {
			isa = XCBuildConfiguration;
			buildSettings = {
				ALWAYS_EMBED_SWIFT_STANDARD_LIBRARIES = YES;
				BUNDLE_LOADER = "$(TEST_HOST)";
				CODE_SIGN_STYLE = Automatic;
				INFOPLIST_FILE = UalaTestTests/Info.plist;
				IPHONEOS_DEPLOYMENT_TARGET = 14.2;
				LD_RUNPATH_SEARCH_PATHS = (
					"$(inherited)",
					"@executable_path/Frameworks",
					"@loader_path/Frameworks",
				);
				PRODUCT_BUNDLE_IDENTIFIER = com.uala.UalaTestTests;
				PRODUCT_NAME = "$(TARGET_NAME)";
				SWIFT_VERSION = 5.0;
				TARGETED_DEVICE_FAMILY = "1,2";
				TEST_HOST = "$(BUILT_PRODUCTS_DIR)/UalaTest.app/UalaTest";
			};
			name = Release;
		};
		11AE5ED32628822E0057729B /* Debug */ = {
			isa = XCBuildConfiguration;
			buildSettings = {
				ALWAYS_EMBED_SWIFT_STANDARD_LIBRARIES = YES;
				CODE_SIGN_STYLE = Automatic;
				INFOPLIST_FILE = UalaTestUITests/Info.plist;
				LD_RUNPATH_SEARCH_PATHS = (
					"$(inherited)",
					"@executable_path/Frameworks",
					"@loader_path/Frameworks",
				);
				PRODUCT_BUNDLE_IDENTIFIER = com.uala.UalaTestUITests;
				PRODUCT_NAME = "$(TARGET_NAME)";
				SWIFT_VERSION = 5.0;
				TARGETED_DEVICE_FAMILY = "1,2";
				TEST_TARGET_NAME = UalaTest;
			};
			name = Debug;
		};
		11AE5ED42628822E0057729B /* Release */ = {
			isa = XCBuildConfiguration;
			buildSettings = {
				ALWAYS_EMBED_SWIFT_STANDARD_LIBRARIES = YES;
				CODE_SIGN_STYLE = Automatic;
				INFOPLIST_FILE = UalaTestUITests/Info.plist;
				LD_RUNPATH_SEARCH_PATHS = (
					"$(inherited)",
					"@executable_path/Frameworks",
					"@loader_path/Frameworks",
				);
				PRODUCT_BUNDLE_IDENTIFIER = com.uala.UalaTestUITests;
				PRODUCT_NAME = "$(TARGET_NAME)";
				SWIFT_VERSION = 5.0;
				TARGETED_DEVICE_FAMILY = "1,2";
				TEST_TARGET_NAME = UalaTest;
			};
			name = Release;
		};
/* End XCBuildConfiguration section */

/* Begin XCConfigurationList section */
		11AE5E9D262882280057729B /* Build configuration list for PBXProject "UalaTest" */ = {
			isa = XCConfigurationList;
			buildConfigurations = (
				11AE5ECA2628822E0057729B /* Debug */,
				11AE5ECB2628822E0057729B /* Release */,
			);
			defaultConfigurationIsVisible = 0;
			defaultConfigurationName = Release;
		};
		11AE5ECC2628822E0057729B /* Build configuration list for PBXNativeTarget "UalaTest" */ = {
			isa = XCConfigurationList;
			buildConfigurations = (
				11AE5ECD2628822E0057729B /* Debug */,
				11AE5ECE2628822E0057729B /* Release */,
			);
			defaultConfigurationIsVisible = 0;
			defaultConfigurationName = Release;
		};
		11AE5ECF2628822E0057729B /* Build configuration list for PBXNativeTarget "UalaTestTests" */ = {
			isa = XCConfigurationList;
			buildConfigurations = (
				11AE5ED02628822E0057729B /* Debug */,
				11AE5ED12628822E0057729B /* Release */,
			);
			defaultConfigurationIsVisible = 0;
			defaultConfigurationName = Release;
		};
		11AE5ED22628822E0057729B /* Build configuration list for PBXNativeTarget "UalaTestUITests" */ = {
			isa = XCConfigurationList;
			buildConfigurations = (
				11AE5ED32628822E0057729B /* Debug */,
				11AE5ED42628822E0057729B /* Release */,
			);
			defaultConfigurationIsVisible = 0;
			defaultConfigurationName = Release;
		};
/* End XCConfigurationList section */
	};
	rootObject = 11AE5E9A262882280057729B /* Project object */;
}
